
Microsoft Visual Studio Solution File, Format Version 12.00
# Visual Studio Version 17
VisualStudioVersion = 17.5.002.0
MinimumVisualStudioVersion = 10.0.40219.1
Project("{2150E333-8FDC-42A3-9474-1A3956D46DE8}") = "csharp-prep", "csharp-prep", "{44F588D8-0B0D-4AE0-A513-CBE8FC087C0B}"
EndProject
Project("{9A19103F-16F7-4668-BE54-9A1E7A4F7556}") = "Prep1", "csharp-prep\Prep1\Prep1.csproj", "{27E65174-2BE1-4BFE-B5A7-F79B5908079B}"
EndProject
Project("{9A19103F-16F7-4668-BE54-9A1E7A4F7556}") = "Prep2", "csharp-prep\Prep2\Prep2.csproj", "{59553E95-A4FF-43D7-83AF-8A9CA55811BC}"
EndProject
Project("{9A19103F-16F7-4668-BE54-9A1E7A4F7556}") = "Prep3", "csharp-prep\Prep3\Prep3.csproj", "{9251ADA3-4EC6-44CC-9103-569996F3B761}"
EndProject
Project("{9A19103F-16F7-4668-BE54-9A1E7A4F7556}") = "Prep4", "csharp-prep\Prep4\Prep4.csproj", "{D1893A3C-A53B-4DBA-AF45-B4F9AE6D1A2A}"
EndProject
Project("{9A19103F-16F7-4668-BE54-9A1E7A4F7556}") = "Prep5", "csharp-prep\Prep5\Prep5.csproj", "{C129244F-07FF-4D0D-B904-3417DD53129A}"
EndProject
Project("{2150E333-8FDC-42A3-9474-1A3956D46DE8}") = "final", "final", "{61A4116B-A029-406A-9ADD-EFB78B9469CB}"
EndProject
Project("{9A19103F-16F7-4668-BE54-9A1E7A4F7556}") = "FinalProject", "final\FinalProject\FinalProject.csproj", "{974F2081-E0C0-4D78-ADFF-B7656D30231D}"
EndProject
Project("{9A19103F-16F7-4668-BE54-9A1E7A4F7556}") = "Foundation1", "final\Foundation1\Foundation1.csproj", "{CA671BD9-7D13-4458-89DE-5515DD606E58}"
EndProject
Project("{9A19103F-16F7-4668-BE54-9A1E7A4F7556}") = "Foundation2", "final\Foundation2\Foundation2.csproj", "{CA20C450-DF95-4366-80D2-275555B135F3}"
EndProject
Project("{9A19103F-16F7-4668-BE54-9A1E7A4F7556}") = "Foundation3", "final\Foundation3\Foundation3.csproj", "{4B6DDE6D-A340-43DF-9C38-0F38051E540D}"
EndProject
Project("{9A19103F-16F7-4668-BE54-9A1E7A4F7556}") = "Foundation4", "final\Foundation4\Foundation4.csproj", "{941A5668-3DE3-400E-AAAA-BFC8DB05FAE7}"
EndProject
Project("{2150E333-8FDC-42A3-9474-1A3956D46DE8}") = "prepare", "prepare", "{02C50B26-0739-4B19-8C4C-23C57BEFAD6C}"
EndProject
Project("{9A19103F-16F7-4668-BE54-9A1E7A4F7556}") = "Learning02", "prepare\Learning02\Learning02.csproj", "{10A716AF-9AB4-40B7-8C16-E0A8CD9A203D}"
EndProject
Project("{9A19103F-16F7-4668-BE54-9A1E7A4F7556}") = "Learning03", "prepare\Learning03\Learning03.csproj", "{540185BF-60F9-4DDD-AAEC-03E8D1007024}"
EndProject
Project("{9A19103F-16F7-4668-BE54-9A1E7A4F7556}") = "Learning04", "prepare\Learning04\Learning04.csproj", "{8122B316-6E7C-4753-8619-C81CBCD080B0}"
EndProject
Project("{9A19103F-16F7-4668-BE54-9A1E7A4F7556}") = "Learning05", "prepare\Learning05\Learning05.csproj", "{619FA332-6E5D-4D2D-8E7F-4AF958A14B4E}"
EndProject
Project("{2150E333-8FDC-42A3-9474-1A3956D46DE8}") = "prove", "prove", "{0CD59629-1471-49B0-A977-2CFF8905202A}"
EndProject
Project("{9A19103F-16F7-4668-BE54-9A1E7A4F7556}") = "Develop02", "prove\Develop02\Develop02.csproj", "{9B5B57F6-3715-4F66-BF4D-66E59820F185}"
EndProject
Project("{9A19103F-16F7-4668-BE54-9A1E7A4F7556}") = "Develop03", "prove\Develop03\Develop03.csproj", "{C5D8FAD5-6D31-44A6-A59D-21494942D583}"
EndProject
Project("{9A19103F-16F7-4668-BE54-9A1E7A4F7556}") = "Develop04", "prove\Develop04\Develop04.csproj", "{0429B72C-14B9-4524-A505-3BF9E5AF7723}"
EndProject
Project("{9A19103F-16F7-4668-BE54-9A1E7A4F7556}") = "Develop05", "prove\Develop05\Develop05.csproj", "{23BBF449-AFAA-45F8-8399-AF60FFD92185}"
EndProject
Project("{2150E333-8FDC-42A3-9474-1A3956D46DE8}") = "sandbox", "sandbox", "{095D81C9-2015-4F37-A2F0-B073D15FF543}"
EndProject
Project("{9A19103F-16F7-4668-BE54-9A1E7A4F7556}") = "Sandbox", "sandbox\Sandbox\Sandbox.csproj", "{2B70864F-5BC8-4E76-BCD3-0C5BA4CCECF5}"
EndProject
Global
	GlobalSection(SolutionConfigurationPlatforms) = preSolution
		Debug|Any CPU = Debug|Any CPU
		Release|Any CPU = Release|Any CPU
	EndGlobalSection
	GlobalSection(ProjectConfigurationPlatforms) = postSolution
		{27E65174-2BE1-4BFE-B5A7-F79B5908079B}.Debug|Any CPU.ActiveCfg = Debug|Any CPU
		{27E65174-2BE1-4BFE-B5A7-F79B5908079B}.Debug|Any CPU.Build.0 = Debug|Any CPU
		{27E65174-2BE1-4BFE-B5A7-F79B5908079B}.Release|Any CPU.ActiveCfg = Release|Any CPU
		{27E65174-2BE1-4BFE-B5A7-F79B5908079B}.Release|Any CPU.Build.0 = Release|Any CPU
		{59553E95-A4FF-43D7-83AF-8A9CA55811BC}.Debug|Any CPU.ActiveCfg = Debug|Any CPU
		{59553E95-A4FF-43D7-83AF-8A9CA55811BC}.Debug|Any CPU.Build.0 = Debug|Any CPU
		{59553E95-A4FF-43D7-83AF-8A9CA55811BC}.Release|Any CPU.ActiveCfg = Release|Any CPU
		{59553E95-A4FF-43D7-83AF-8A9CA55811BC}.Release|Any CPU.Build.0 = Release|Any CPU
		{9251ADA3-4EC6-44CC-9103-569996F3B761}.Debug|Any CPU.ActiveCfg = Debug|Any CPU
		{9251ADA3-4EC6-44CC-9103-569996F3B761}.Debug|Any CPU.Build.0 = Debug|Any CPU
		{9251ADA3-4EC6-44CC-9103-569996F3B761}.Release|Any CPU.ActiveCfg = Release|Any CPU
		{9251ADA3-4EC6-44CC-9103-569996F3B761}.Release|Any CPU.Build.0 = Release|Any CPU
		{D1893A3C-A53B-4DBA-AF45-B4F9AE6D1A2A}.Debug|Any CPU.ActiveCfg = Debug|Any CPU
		{D1893A3C-A53B-4DBA-AF45-B4F9AE6D1A2A}.Debug|Any CPU.Build.0 = Debug|Any CPU
		{D1893A3C-A53B-4DBA-AF45-B4F9AE6D1A2A}.Release|Any CPU.ActiveCfg = Release|Any CPU
		{D1893A3C-A53B-4DBA-AF45-B4F9AE6D1A2A}.Release|Any CPU.Build.0 = Release|Any CPU
		{C129244F-07FF-4D0D-B904-3417DD53129A}.Debug|Any CPU.ActiveCfg = Debug|Any CPU
		{C129244F-07FF-4D0D-B904-3417DD53129A}.Debug|Any CPU.Build.0 = Debug|Any CPU
		{C129244F-07FF-4D0D-B904-3417DD53129A}.Release|Any CPU.ActiveCfg = Release|Any CPU
		{C129244F-07FF-4D0D-B904-3417DD53129A}.Release|Any CPU.Build.0 = Release|Any CPU
		{974F2081-E0C0-4D78-ADFF-B7656D30231D}.Debug|Any CPU.ActiveCfg = Debug|Any CPU
		{974F2081-E0C0-4D78-ADFF-B7656D30231D}.Debug|Any CPU.Build.0 = Debug|Any CPU
		{974F2081-E0C0-4D78-ADFF-B7656D30231D}.Release|Any CPU.ActiveCfg = Release|Any CPU
		{974F2081-E0C0-4D78-ADFF-B7656D30231D}.Release|Any CPU.Build.0 = Release|Any CPU
		{CA671BD9-7D13-4458-89DE-5515DD606E58}.Debug|Any CPU.ActiveCfg = Debug|Any CPU
		{CA671BD9-7D13-4458-89DE-5515DD606E58}.Debug|Any CPU.Build.0 = Debug|Any CPU
		{CA671BD9-7D13-4458-89DE-5515DD606E58}.Release|Any CPU.ActiveCfg = Release|Any CPU
		{CA671BD9-7D13-4458-89DE-5515DD606E58}.Release|Any CPU.Build.0 = Release|Any CPU
		{CA20C450-DF95-4366-80D2-275555B135F3}.Debug|Any CPU.ActiveCfg = Debug|Any CPU
		{CA20C450-DF95-4366-80D2-275555B135F3}.Debug|Any CPU.Build.0 = Debug|Any CPU
		{CA20C450-DF95-4366-80D2-275555B135F3}.Release|Any CPU.ActiveCfg = Release|Any CPU
		{CA20C450-DF95-4366-80D2-275555B135F3}.Release|Any CPU.Build.0 = Release|Any CPU
		{4B6DDE6D-A340-43DF-9C38-0F38051E540D}.Debug|Any CPU.ActiveCfg = Debug|Any CPU
		{4B6DDE6D-A340-43DF-9C38-0F38051E540D}.Debug|Any CPU.Build.0 = Debug|Any CPU
		{4B6DDE6D-A340-43DF-9C38-0F38051E540D}.Release|Any CPU.ActiveCfg = Release|Any CPU
		{4B6DDE6D-A340-43DF-9C38-0F38051E540D}.Release|Any CPU.Build.0 = Release|Any CPU
		{941A5668-3DE3-400E-AAAA-BFC8DB05FAE7}.Debug|Any CPU.ActiveCfg = Debug|Any CPU
		{941A5668-3DE3-400E-AAAA-BFC8DB05FAE7}.Debug|Any CPU.Build.0 = Debug|Any CPU
		{941A5668-3DE3-400E-AAAA-BFC8DB05FAE7}.Release|Any CPU.ActiveCfg = Release|Any CPU
		{941A5668-3DE3-400E-AAAA-BFC8DB05FAE7}.Release|Any CPU.Build.0 = Release|Any CPU
		{10A716AF-9AB4-40B7-8C16-E0A8CD9A203D}.Debug|Any CPU.ActiveCfg = Debug|Any CPU
		{10A716AF-9AB4-40B7-8C16-E0A8CD9A203D}.Debug|Any CPU.Build.0 = Debug|Any CPU
		{10A716AF-9AB4-40B7-8C16-E0A8CD9A203D}.Release|Any CPU.ActiveCfg = Release|Any CPU
		{10A716AF-9AB4-40B7-8C16-E0A8CD9A203D}.Release|Any CPU.Build.0 = Release|Any CPU
		{540185BF-60F9-4DDD-AAEC-03E8D1007024}.Debug|Any CPU.ActiveCfg = Debug|Any CPU
		{540185BF-60F9-4DDD-AAEC-03E8D1007024}.Debug|Any CPU.Build.0 = Debug|Any CPU
		{540185BF-60F9-4DDD-AAEC-03E8D1007024}.Release|Any CPU.ActiveCfg = Release|Any CPU
		{540185BF-60F9-4DDD-AAEC-03E8D1007024}.Release|Any CPU.Build.0 = Release|Any CPU
		{8122B316-6E7C-4753-8619-C81CBCD080B0}.Debug|Any CPU.ActiveCfg = Debug|Any CPU
		{8122B316-6E7C-4753-8619-C81CBCD080B0}.Debug|Any CPU.Build.0 = Debug|Any CPU
		{8122B316-6E7C-4753-8619-C81CBCD080B0}.Release|Any CPU.ActiveCfg = Release|Any CPU
		{8122B316-6E7C-4753-8619-C81CBCD080B0}.Release|Any CPU.Build.0 = Release|Any CPU
		{619FA332-6E5D-4D2D-8E7F-4AF958A14B4E}.Debug|Any CPU.ActiveCfg = Debug|Any CPU
		{619FA332-6E5D-4D2D-8E7F-4AF958A14B4E}.Debug|Any CPU.Build.0 = Debug|Any CPU
		{619FA332-6E5D-4D2D-8E7F-4AF958A14B4E}.Release|Any CPU.ActiveCfg = Release|Any CPU
		{619FA332-6E5D-4D2D-8E7F-4AF958A14B4E}.Release|Any CPU.Build.0 = Release|Any CPU
		{9B5B57F6-3715-4F66-BF4D-66E59820F185}.Debug|Any CPU.ActiveCfg = Debug|Any CPU
		{9B5B57F6-3715-4F66-BF4D-66E59820F185}.Debug|Any CPU.Build.0 = Debug|Any CPU
		{9B5B57F6-3715-4F66-BF4D-66E59820F185}.Release|Any CPU.ActiveCfg = Release|Any CPU
		{9B5B57F6-3715-4F66-BF4D-66E59820F185}.Release|Any CPU.Build.0 = Release|Any CPU
		{C5D8FAD5-6D31-44A6-A59D-21494942D583}.Debug|Any CPU.ActiveCfg = Debug|Any CPU
		{C5D8FAD5-6D31-44A6-A59D-21494942D583}.Debug|Any CPU.Build.0 = Debug|Any CPU
		{C5D8FAD5-6D31-44A6-A59D-21494942D583}.Release|Any CPU.ActiveCfg = Release|Any CPU
		{C5D8FAD5-6D31-44A6-A59D-21494942D583}.Release|Any CPU.Build.0 = Release|Any CPU
		{0429B72C-14B9-4524-A505-3BF9E5AF7723}.Debug|Any CPU.ActiveCfg = Debug|Any CPU
		{0429B72C-14B9-4524-A505-3BF9E5AF7723}.Debug|Any CPU.Build.0 = Debug|Any CPU
		{0429B72C-14B9-4524-A505-3BF9E5AF7723}.Release|Any CPU.ActiveCfg = Release|Any CPU
		{0429B72C-14B9-4524-A505-3BF9E5AF7723}.Release|Any CPU.Build.0 = Release|Any CPU
		{23BBF449-AFAA-45F8-8399-AF60FFD92185}.Debug|Any CPU.ActiveCfg = Debug|Any CPU
		{23BBF449-AFAA-45F8-8399-AF60FFD92185}.Debug|Any CPU.Build.0 = Debug|Any CPU
		{23BBF449-AFAA-45F8-8399-AF60FFD92185}.Release|Any CPU.ActiveCfg = Release|Any CPU
		{23BBF449-AFAA-45F8-8399-AF60FFD92185}.Release|Any CPU.Build.0 = Release|Any CPU
		{2B70864F-5BC8-4E76-BCD3-0C5BA4CCECF5}.Debug|Any CPU.ActiveCfg = Debug|Any CPU
		{2B70864F-5BC8-4E76-BCD3-0C5BA4CCECF5}.Debug|Any CPU.Build.0 = Debug|Any CPU
		{2B70864F-5BC8-4E76-BCD3-0C5BA4CCECF5}.Release|Any CPU.ActiveCfg = Release|Any CPU
		{2B70864F-5BC8-4E76-BCD3-0C5BA4CCECF5}.Release|Any CPU.Build.0 = Release|Any CPU
	EndGlobalSection
	GlobalSection(SolutionProperties) = preSolution
		HideSolutionNode = FALSE
	EndGlobalSection
	GlobalSection(NestedProjects) = preSolution
		{27E65174-2BE1-4BFE-B5A7-F79B5908079B} = {44F588D8-0B0D-4AE0-A513-CBE8FC087C0B}
		{59553E95-A4FF-43D7-83AF-8A9CA55811BC} = {44F588D8-0B0D-4AE0-A513-CBE8FC087C0B}
		{9251ADA3-4EC6-44CC-9103-569996F3B761} = {44F588D8-0B0D-4AE0-A513-CBE8FC087C0B}
		{D1893A3C-A53B-4DBA-AF45-B4F9AE6D1A2A} = {44F588D8-0B0D-4AE0-A513-CBE8FC087C0B}
		{C129244F-07FF-4D0D-B904-3417DD53129A} = {44F588D8-0B0D-4AE0-A513-CBE8FC087C0B}
		{974F2081-E0C0-4D78-ADFF-B7656D30231D} = {61A4116B-A029-406A-9ADD-EFB78B9469CB}
		{CA671BD9-7D13-4458-89DE-5515DD606E58} = {61A4116B-A029-406A-9ADD-EFB78B9469CB}
		{CA20C450-DF95-4366-80D2-275555B135F3} = {61A4116B-A029-406A-9ADD-EFB78B9469CB}
		{4B6DDE6D-A340-43DF-9C38-0F38051E540D} = {61A4116B-A029-406A-9ADD-EFB78B9469CB}
		{941A5668-3DE3-400E-AAAA-BFC8DB05FAE7} = {61A4116B-A029-406A-9ADD-EFB78B9469CB}
		{10A716AF-9AB4-40B7-8C16-E0A8CD9A203D} = {02C50B26-0739-4B19-8C4C-23C57BEFAD6C}
		{540185BF-60F9-4DDD-AAEC-03E8D1007024} = {02C50B26-0739-4B19-8C4C-23C57BEFAD6C}
		{8122B316-6E7C-4753-8619-C81CBCD080B0} = {02C50B26-0739-4B19-8C4C-23C57BEFAD6C}
		{619FA332-6E5D-4D2D-8E7F-4AF958A14B4E} = {02C50B26-0739-4B19-8C4C-23C57BEFAD6C}
		{9B5B57F6-3715-4F66-BF4D-66E59820F185} = {0CD59629-1471-49B0-A977-2CFF8905202A}
		{C5D8FAD5-6D31-44A6-A59D-21494942D583} = {0CD59629-1471-49B0-A977-2CFF8905202A}
		{0429B72C-14B9-4524-A505-3BF9E5AF7723} = {0CD59629-1471-49B0-A977-2CFF8905202A}
		{23BBF449-AFAA-45F8-8399-AF60FFD92185} = {0CD59629-1471-49B0-A977-2CFF8905202A}
		{2B70864F-5BC8-4E76-BCD3-0C5BA4CCECF5} = {095D81C9-2015-4F37-A2F0-B073D15FF543}
	EndGlobalSection
	GlobalSection(ExtensibilityGlobals) = postSolution
		SolutionGuid = {56E73C7B-6997-4729-AF64-E60E9B153593}
	EndGlobalSection
EndGlobal
